{
  "name": "qcloud-iotexplorer-bluetooth-adapter",
  "version": "0.1.15",
  "lockfileVersion": 1,
  "requires": true,
  "dependencies": {
    "buffer-from": {
      "version": "1.1.1",
      "resolved": "https://registry.npmjs.org/buffer-from/-/buffer-from-1.1.1.tgz",
      "integrity": "sha512-MQcXEUbCKtEo7bhqEs6560Hyd4XaovZlO/k9V3hjVUF/zwW7KBVdSK4gIt/bzwS9MbR5qob+F5jusZsb0YQK2A==",
      "dev": true
    },
    "commander": {
      "version": "6.0.0",
      "resolved": "https://registry.npmjs.org/commander/-/commander-6.0.0.tgz",
      "integrity": "sha512-s7EA+hDtTYNhuXkTlhqew4txMZVdszBmKWSPEMxGr8ru8JXR7bLUFIAtPhcSuFdJQ0ILMxnJi8GkQL0yvDy/YA==",
      "dev": true
    },
    "decode-uri-component": {
      "version": "0.2.0",
      "resolved": "https://registry.npmjs.org/decode-uri-component/-/decode-uri-component-0.2.0.tgz",
      "integrity": "sha1-6zkTMzRYd1y4TNGh+uBiEGu4dUU=",
      "dev": true
    },
    "event-emitter-for-miniprogram": {
      "version": "0.0.9",
      "resolved": "http://r.tnpm.oa.com/event-emitter-for-miniprogram/-/event-emitter-for-miniprogram-0.0.9.tgz",
      "integrity": "sha512-6KvFJhWR3ehC1u6oYUcOuUJ1Qs0ilJMauu1IgFCr26umlaAGJDTxwbEGvNFSOELyIimyYW9Tr1EtbwzENAmxDQ=="
    },
    "miniprogram-api-typings": {
      "version": "2.12.0-beta.4",
      "resolved": "https://registry.npmjs.org/miniprogram-api-typings/-/miniprogram-api-typings-2.12.0-beta.4.tgz",
      "integrity": "sha512-8NCXUDZeb0uhW8HOKKq3GGUC9+odljX5DuvqWckXJLy/0AhUDX4/CsJb1ioyDno31vCYrBptGo6fp0wjtX6iXg==",
      "dev": true
    },
    "query-string": {
      "version": "6.9.0",
      "resolved": "https://registry.npmjs.org/query-string/-/query-string-6.9.0.tgz",
      "integrity": "sha512-KG4bhCFYapExLsUHrFt+kQVEegF2agm4cpF/VNc6pZVthIfCc/GK8t8VyNIE3nyXG9DK3Tf2EGkxjR6/uRdYsA==",
      "dev": true,
      "requires": {
        "decode-uri-component": "^0.2.0",
        "split-on-first": "^1.0.0",
        "strict-uri-encode": "^2.0.0"
      }
    },
    "shortid-for-miniprogram": {
      "version": "2.2.15",
      "resolved": "https://registry.npmjs.org/shortid-for-miniprogram/-/shortid-for-miniprogram-2.2.15.tgz",
      "integrity": "sha512-Ulw76O5R9UtanxKhiaN9fbQJc0B3YtqFHhDCV8B6/Ay/tjq0RlS4thRxWNI5rnxMVq7EOTrlFFE6QVFsWKLz5w=="
    },
    "source-map": {
      "version": "0.6.1",
      "resolved": "https://registry.npmjs.org/source-map/-/source-map-0.6.1.tgz",
      "integrity": "sha512-UjgapumWlbMhkBgzT7Ykc5YXUT46F0iKu8SGXq0bcwP5dz/h0Plj6enJqjz1Zbq2l5WaqYnrVbwWOWMyF3F47g==",
      "dev": true
    },
    "source-map-support": {
      "version": "0.5.19",
      "resolved": "https://registry.npmjs.org/source-map-support/-/source-map-support-0.5.19.tgz",
      "integrity": "sha512-Wonm7zOCIJzBGQdB+thsPar0kYuCIzYvxZwlBa87yi/Mdjv7Tip2cyVbLj5o0cFPN4EVkuTwb3GDDyUx2DGnGw==",
      "dev": true,
      "requires": {
        "buffer-from": "^1.0.0",
        "source-map": "^0.6.0"
      }
    },
    "split-on-first": {
      "version": "1.1.0",
      "resolved": "https://registry.npmjs.org/split-on-first/-/split-on-first-1.1.0.tgz",
      "integrity": "sha512-43ZssAJaMusuKWL8sKUBQXHWOpq8d6CfN/u1p4gUzfJkM05C8rxTmYrkIPTXapZpORA6LkkzcUulJ8FqA7Uudw==",
      "dev": true
    },
    "strict-uri-encode": {
      "version": "2.0.0",
      "resolved": "https://registry.npmjs.org/strict-uri-encode/-/strict-uri-encode-2.0.0.tgz",
      "integrity": "sha1-ucczDHBChi9rFC3CdLvMWGbONUY=",
      "dev": true
    },
    "terser": {
      "version": "5.0.0",
      "resolved": "https://registry.npmjs.org/terser/-/terser-5.0.0.tgz",
      "integrity": "sha512-olH2DwGINoSuEpSGd+BsPuAQaA3OrHnHnFL/rDB2TVNc3srUbz/rq/j2BlF4zDXI+JqAvGr86bIm1R2cJgZ3FA==",
      "dev": true,
      "requires": {
        "commander": "^2.20.0",
        "source-map": "~0.6.1",
        "source-map-support": "~0.5.12"
      },
      "dependencies": {
        "commander": {
          "version": "2.20.3",
          "resolved": "https://registry.npmjs.org/commander/-/commander-2.20.3.tgz",
          "integrity": "sha512-GpVkmM8vF2vQUkj2LvZmD35JxeJOLCwJ9cUkugyk2nuhbv3+mJvpLYYt+0+USMxE+oj+ey/lJEnhZw75x/OMcQ==",
          "dev": true
        }
      }
    },
    "tslib": {
      "version": "2.0.1",
      "resolved": "https://registry.npmjs.org/tslib/-/tslib-2.0.1.tgz",
      "integrity": "sha512-SgIkNheinmEBgx1IUNirK0TUD4X9yjjBRTqqjggWCU3pUEqIk3/Uwl3yRixYKT6WjQuGiwDv4NomL3wqRCj+CQ=="
    },
    "typescript": {
      "version": "3.9.7",
      "resolved": "https://registry.npmjs.org/typescript/-/typescript-3.9.7.tgz",
      "integrity": "sha512-BLbiRkiBzAwsjut4x/dsibSTB6yWpwT5qWmC2OfuCg3GgVQCSgMs4vEctYPhsaGtd0AeuuHMkjZ2h2WG8MSzRw==",
      "dev": true
    }
  }
}
